
Microsoft Visual Studio Solution File, Format Version 12.00
# Visual Studio 15
VisualStudioVersion = 15.0.26730.16
MinimumVisualStudioVersion = 10.0.40219.1
Project("{8BC9CEB8-8B4A-11D0-8D11-00A0C91BC942}") = "Alex Bristow - Tutorial 09 Exercise 01", "Alex Bristow - Tutorial 09 Exercise 01.vcxproj", "{ACBC56EC-1D2E-4B44-A2D4-394F5914DE9A}"
EndProject
Global
	GlobalSection(SolutionConfigurationPlatforms) = preSolution
		Debug|x64 = Debug|x64
		Debug|x86 = Debug|x86
		Release|x64 = Release|x64
		Release|x86 = Release|x86
	EndGlobalSection
	GlobalSection(ProjectConfigurationPlatforms) = postSolution
		{ACBC56EC-1D2E-4B44-A2D4-394F5914DE9A}.Debug|x64.ActiveCfg = Debug|x64
		{ACBC56EC-1D2E-4B44-A2D4-394F5914DE9A}.Debug|x64.Build.0 = Debug|x64
		{ACBC56EC-1D2E-4B44-A2D4-394F5914DE9A}.Debug|x86.ActiveCfg = Debug|Win32
		{ACBC56EC-1D2E-4B44-A2D4-394F5914DE9A}.Debug|x86.Build.0 = Debug|Win32
		{ACBC56EC-1D2E-4B44-A2D4-394F5914DE9A}.Release|x64.ActiveCfg = Release|x64
		{ACBC56EC-1D2E-4B44-A2D4-394F5914DE9A}.Release|x64.Build.0 = Release|x64
		{ACBC56EC-1D2E-4B44-A2D4-394F5914DE9A}.Release|x86.ActiveCfg = Release|Win32
		{ACBC56EC-1D2E-4B44-A2D4-394F5914DE9A}.Release|x86.Build.0 = Release|Win32
	EndGlobalSection
	GlobalSection(SolutionProperties) = preSolution
		HideSolutionNode = FALSE
	EndGlobalSection
	GlobalSection(ExtensibilityGlobals) = postSolution
		SolutionGuid = {84EE70B5-3445-4683-8262-8D37C5C6E9EB}
	EndGlobalSection
EndGlobal
